// !$*UTF8*$!
{
	archiveVersion = 1;
	classes = {
	};
	objectVersion = 46;
	objects = {

/* Begin PBXBuildFile section */
		46CDFB201C30A7170001A004 /* AppDelegate.swift in Sources */ = {isa = PBXBuildFile; fileRef = 46CDFB1F1C30A7170001A004 /* AppDelegate.swift */; };
		46CDFB251C30A7170001A004 /* KexpTVStream.xcdatamodeld in Sources */ = {isa = PBXBuildFile; fileRef = 46CDFB231C30A7170001A004 /* KexpTVStream.xcdatamodeld */; };
		46CDFB281C30A7170001A004 /* Main.storyboard in Resources */ = {isa = PBXBuildFile; fileRef = 46CDFB261C30A7170001A004 /* Main.storyboard */; };
		46CDFB2A1C30A7180001A004 /* Assets.xcassets in Resources */ = {isa = PBXBuildFile; fileRef = 46CDFB291C30A7180001A004 /* Assets.xcassets */; };
		46CDFB351C30A7180001A004 /* KexpTVStreamTests.swift in Sources */ = {isa = PBXBuildFile; fileRef = 46CDFB341C30A7180001A004 /* KexpTVStreamTests.swift */; };
		46CDFB401C30A7630001A004 /* KexpNowPlayingVC.swift in Sources */ = {isa = PBXBuildFile; fileRef = 46CDFB3F1C30A7630001A004 /* KexpNowPlayingVC.swift */; };
/* End PBXBuildFile section */

/* Begin PBXContainerItemProxy section */
		46CDFB311C30A7180001A004 /* PBXContainerItemProxy */ = {
			isa = PBXContainerItemProxy;
			containerPortal = 46CDFB141C30A7170001A004 /* Project object */;
			proxyType = 1;
			remoteGlobalIDString = 46CDFB1B1C30A7170001A004;
			remoteInfo = KexpTVStream;
		};
/* End PBXContainerItemProxy section */

/* Begin PBXFileReference section */
		46CDFB1C1C30A7170001A004 /* KexpTVStream.app */ = {isa = PBXFileReference; explicitFileType = wrapper.application; includeInIndex = 0; path = KexpTVStream.app; sourceTree = BUILT_PRODUCTS_DIR; };
		46CDFB1F1C30A7170001A004 /* AppDelegate.swift */ = {isa = PBXFileReference; lastKnownFileType = sourcecode.swift; path = AppDelegate.swift; sourceTree = "<group>"; };
		46CDFB241C30A7170001A004 /* KexpTVStream.xcdatamodel */ = {isa = PBXFileReference; lastKnownFileType = wrapper.xcdatamodel; path = KexpTVStream.xcdatamodel; sourceTree = "<group>"; };
		46CDFB271C30A7170001A004 /* Base */ = {isa = PBXFileReference; lastKnownFileType = file.storyboard; name = Base; path = Base.lproj/Main.storyboard; sourceTree = "<group>"; };
		46CDFB291C30A7180001A004 /* Assets.xcassets */ = {isa = PBXFileReference; lastKnownFileType = folder.assetcatalog; path = Assets.xcassets; sourceTree = "<group>"; };
		46CDFB2B1C30A7180001A004 /* Info.plist */ = {isa = PBXFileReference; lastKnownFileType = text.plist.xml; path = Info.plist; sourceTree = "<group>"; };
		46CDFB301C30A7180001A004 /* KexpTVStreamTests.xctest */ = {isa = PBXFileReference; explicitFileType = wrapper.cfbundle; includeInIndex = 0; path = KexpTVStreamTests.xctest; sourceTree = BUILT_PRODUCTS_DIR; };
		46CDFB341C30A7180001A004 /* KexpTVStreamTests.swift */ = {isa = PBXFileReference; lastKnownFileType = sourcecode.swift; path = KexpTVStreamTests.swift; sourceTree = "<group>"; };
		46CDFB361C30A7180001A004 /* Info.plist */ = {isa = PBXFileReference; lastKnownFileType = text.plist.xml; path = Info.plist; sourceTree = "<group>"; };
		46CDFB3F1C30A7630001A004 /* KexpNowPlayingVC.swift */ = {isa = PBXFileReference; fileEncoding = 4; lastKnownFileType = sourcecode.swift; path = KexpNowPlayingVC.swift; sourceTree = "<group>"; };
/* End PBXFileReference section */

/* Begin PBXFrameworksBuildPhase section */
		46CDFB191C30A7170001A004 /* Frameworks */ = {
			isa = PBXFrameworksBuildPhase;
			buildActionMask = 2147483647;
			files = (
			);
			runOnlyForDeploymentPostprocessing = 0;
		};
		46CDFB2D1C30A7180001A004 /* Frameworks */ = {
			isa = PBXFrameworksBuildPhase;
			buildActionMask = 2147483647;
			files = (
			);
			runOnlyForDeploymentPostprocessing = 0;
		};
/* End PBXFrameworksBuildPhase section */

/* Begin PBXGroup section */
		46CDFB131C30A7170001A004 = {
			isa = PBXGroup;
			children = (
				46CDFB1E1C30A7170001A004 /* KexpTVStream */,
				46CDFB331C30A7180001A004 /* KexpTVStreamTests */,
				46CDFB1D1C30A7170001A004 /* Products */,
			);
			sourceTree = "<group>";
		};
		46CDFB1D1C30A7170001A004 /* Products */ = {
			isa = PBXGroup;
			children = (
				46CDFB1C1C30A7170001A004 /* KexpTVStream.app */,
				46CDFB301C30A7180001A004 /* KexpTVStreamTests.xctest */,
			);
			name = Products;
			sourceTree = "<group>";
		};
		46CDFB1E1C30A7170001A004 /* KexpTVStream */ = {
			isa = PBXGroup;
			children = (
				46CDFB1F1C30A7170001A004 /* AppDelegate.swift */,
				46CDFB3F1C30A7630001A004 /* KexpNowPlayingVC.swift */,
				46CDFB411C30A7730001A004 /* Supporting files */,
			);
			path = KexpTVStream;
			sourceTree = "<group>";
		};
		46CDFB331C30A7180001A004 /* KexpTVStreamTests */ = {
			isa = PBXGroup;
			children = (
				46CDFB341C30A7180001A004 /* KexpTVStreamTests.swift */,
				46CDFB361C30A7180001A004 /* Info.plist */,
			);
			path = KexpTVStreamTests;
			sourceTree = "<group>";
		};
		46CDFB411C30A7730001A004 /* Supporting files */ = {
			isa = PBXGroup;
			children = (
				46CDFB261C30A7170001A004 /* Main.storyboard */,
				46CDFB291C30A7180001A004 /* Assets.xcassets */,
				46CDFB2B1C30A7180001A004 /* Info.plist */,
				46CDFB231C30A7170001A004 /* KexpTVStream.xcdatamodeld */,
			);
			name = "Supporting files";
			sourceTree = "<group>";
		};
/* End PBXGroup section */

/* Begin PBXNativeTarget section */
		46CDFB1B1C30A7170001A004 /* KexpTVStream */ = {
			isa = PBXNativeTarget;
			buildConfigurationList = 46CDFB391C30A7180001A004 /* Build configuration list for PBXNativeTarget "KexpTVStream" */;
			buildPhases = (
				46CDFB181C30A7170001A004 /* Sources */,
				46CDFB191C30A7170001A004 /* Frameworks */,
				46CDFB1A1C30A7170001A004 /* Resources */,
			);
			buildRules = (
			);
			dependencies = (
			);
			name = KexpTVStream;
			productName = KexpTVStream;
			productReference = 46CDFB1C1C30A7170001A004 /* KexpTVStream.app */;
			productType = "com.apple.product-type.application";
		};
		46CDFB2F1C30A7180001A004 /* KexpTVStreamTests */ = {
			isa = PBXNativeTarget;
			buildConfigurationList = 46CDFB3C1C30A7180001A004 /* Build configuration list for PBXNativeTarget "KexpTVStreamTests" */;
			buildPhases = (
				46CDFB2C1C30A7180001A004 /* Sources */,
				46CDFB2D1C30A7180001A004 /* Frameworks */,
				46CDFB2E1C30A7180001A004 /* Resources */,
			);
			buildRules = (
			);
			dependencies = (
				46CDFB321C30A7180001A004 /* PBXTargetDependency */,
			);
			name = KexpTVStreamTests;
			productName = KexpTVStreamTests;
			productReference = 46CDFB301C30A7180001A004 /* KexpTVStreamTests.xctest */;
			productType = "com.apple.product-type.bundle.unit-test";
		};
/* End PBXNativeTarget section */

/* Begin PBXProject section */
		46CDFB141C30A7170001A004 /* Project object */ = {
			isa = PBXProject;
			attributes = {
				LastSwiftUpdateCheck = 0720;
				LastUpgradeCheck = 0720;
				ORGANIZATIONNAME = "Dustin Bergman";
				TargetAttributes = {
					46CDFB1B1C30A7170001A004 = {
						CreatedOnToolsVersion = 7.2;
					};
					46CDFB2F1C30A7180001A004 = {
						CreatedOnToolsVersion = 7.2;
						TestTargetID = 46CDFB1B1C30A7170001A004;
					};
				};
			};
			buildConfigurationList = 46CDFB171C30A7170001A004 /* Build configuration list for PBXProject "KexpTVStream" */;
			compatibilityVersion = "Xcode 3.2";
			developmentRegion = English;
			hasScannedForEncodings = 0;
			knownRegions = (
				en,
				Base,
			);
			mainGroup = 46CDFB131C30A7170001A004;
			productRefGroup = 46CDFB1D1C30A7170001A004 /* Products */;
			projectDirPath = "";
			projectRoot = "";
			targets = (
				46CDFB1B1C30A7170001A004 /* KexpTVStream */,
				46CDFB2F1C30A7180001A004 /* KexpTVStreamTests */,
			);
		};
/* End PBXProject section */

/* Begin PBXResourcesBuildPhase section */
		46CDFB1A1C30A7170001A004 /* Resources */ = {
			isa = PBXResourcesBuildPhase;
			buildActionMask = 2147483647;
			files = (
				46CDFB2A1C30A7180001A004 /* Assets.xcassets in Resources */,
				46CDFB281C30A7170001A004 /* Main.storyboard in Resources */,
			);
			runOnlyForDeploymentPostprocessing = 0;
		};
		46CDFB2E1C30A7180001A004 /* Resources */ = {
			isa = PBXResourcesBuildPhase;
			buildActionMask = 2147483647;
			files = (
			);
			runOnlyForDeploymentPostprocessing = 0;
		};
/* End PBXResourcesBuildPhase section */

/* Begin PBXSourcesBuildPhase section */
		46CDFB181C30A7170001A004 /* Sources */ = {
			isa = PBXSourcesBuildPhase;
			buildActionMask = 2147483647;
			files = (
				46CDFB201C30A7170001A004 /* AppDelegate.swift in Sources */,
				46CDFB401C30A7630001A004 /* KexpNowPlayingVC.swift in Sources */,
				46CDFB251C30A7170001A004 /* KexpTVStream.xcdatamodeld in Sources */,
			);
			runOnlyForDeploymentPostprocessing = 0;
		};
		46CDFB2C1C30A7180001A004 /* Sources */ = {
			isa = PBXSourcesBuildPhase;
			buildActionMask = 2147483647;
			files = (
				46CDFB351C30A7180001A004 /* KexpTVStreamTests.swift in Sources */,
			);
			runOnlyForDeploymentPostprocessing = 0;
		};
/* End PBXSourcesBuildPhase section */

/* Begin PBXTargetDependency section */
		46CDFB321C30A7180001A004 /* PBXTargetDependency */ = {
			isa = PBXTargetDependency;
			target = 46CDFB1B1C30A7170001A004 /* KexpTVStream */;
			targetProxy = 46CDFB311C30A7180001A004 /* PBXContainerItemProxy */;
		};
/* End PBXTargetDependency section */

/* Begin PBXVariantGroup section */
		46CDFB261C30A7170001A004 /* Main.storyboard */ = {
			isa = PBXVariantGroup;
			children = (
				46CDFB271C30A7170001A004 /* Base */,
			);
			name = Main.storyboard;
			sourceTree = "<group>";
		};
/* End PBXVariantGroup section */

/* Begin XCBuildConfiguration section */
		46CDFB371C30A7180001A004 /* Debug */ = {
			isa = XCBuildConfiguration;
			buildSettings = {
				ALWAYS_SEARCH_USER_PATHS = NO;
				CLANG_CXX_LANGUAGE_STANDARD = "gnu++0x";
				CLANG_CXX_LIBRARY = "libc++";
				CLANG_ENABLE_MODULES = YES;
				CLANG_ENABLE_OBJC_ARC = YES;
				CLANG_WARN_BOOL_CONVERSION = YES;
				CLANG_WARN_CONSTANT_CONVERSION = YES;
				CLANG_WARN_DIRECT_OBJC_ISA_USAGE = YES_ERROR;
				CLANG_WARN_EMPTY_BODY = YES;
				CLANG_WARN_ENUM_CONVERSION = YES;
				CLANG_WARN_INT_CONVERSION = YES;
				CLANG_WARN_OBJC_ROOT_CLASS = YES_ERROR;
				CLANG_WARN_UNREACHABLE_CODE = YES;
				CLANG_WARN__DUPLICATE_METHOD_MATCH = YES;
				COPY_PHASE_STRIP = NO;
				DEBUG_INFORMATION_FORMAT = dwarf;
				ENABLE_STRICT_OBJC_MSGSEND = YES;
				ENABLE_TESTABILITY = YES;
				GCC_C_LANGUAGE_STANDARD = gnu99;
				GCC_DYNAMIC_NO_PIC = NO;
				GCC_NO_COMMON_BLOCKS = YES;
				GCC_OPTIMIZATION_LEVEL = 0;
				GCC_PREPROCESSOR_DEFINITIONS = (
					"DEBUG=1",
					"$(inherited)",
				);
				GCC_WARN_64_TO_32_BIT_CONVERSION = YES;
				GCC_WARN_ABOUT_RETURN_TYPE = YES_ERROR;
				GCC_WARN_UNDECLARED_SELECTOR = YES;
				GCC_WARN_UNINITIALIZED_AUTOS = YES_AGGRESSIVE;
				GCC_WARN_UNUSED_FUNCTION = YES;
				GCC_WARN_UNUSED_VARIABLE = YES;
				MTL_ENABLE_DEBUG_INFO = YES;
				ONLY_ACTIVE_ARCH = YES;
				SDKROOT = appletvos;
				SWIFT_OPTIMIZATION_LEVEL = "-Onone";
				TARGETED_DEVICE_FAMILY = 3;
				TVOS_DEPLOYMENT_TARGET = 9.1;
			};
			name = Debug;
		};
		46CDFB381C30A7180001A004 /* Release */ = {
			isa = XCBuildConfiguration;
			buildSettings = {
				ALWAYS_SEARCH_USER_PATHS = NO;
				CLANG_CXX_LANGUAGE_STANDARD = "gnu++0x";
				CLANG_CXX_LIBRARY = "libc++";
				CLANG_ENABLE_MODULES = YES;
				CLANG_ENABLE_OBJC_ARC = YES;
				CLANG_WARN_BOOL_CONVERSION = YES;
				CLANG_WARN_CONSTANT_CONVERSION = YES;
				CLANG_WARN_DIRECT_OBJC_ISA_USAGE = YES_ERROR;
				CLANG_WARN_EMPTY_BODY = YES;
				CLANG_WARN_ENUM_CONVERSION = YES;
				CLANG_WARN_INT_CONVERSION = YES;
				CLANG_WARN_OBJC_ROOT_CLASS = YES_ERROR;
				CLANG_WARN_UNREACHABLE_CODE = YES;
				CLANG_WARN__DUPLICATE_METHOD_MATCH = YES;
				COPY_PHASE_STRIP = NO;
				DEBUG_INFORMATION_FORMAT = "dwarf-with-dsym";
				ENABLE_NS_ASSERTIONS = NO;
				ENABLE_STRICT_OBJC_MSGSEND = YES;
				GCC_C_LANGUAGE_STANDARD = gnu99;
				GCC_NO_COMMON_BLOCKS = YES;
				GCC_WARN_64_TO_32_BIT_CONVERSION = YES;
				GCC_WARN_ABOUT_RETURN_TYPE = YES_ERROR;
				GCC_WARN_UNDECLARED_SELECTOR = YES;
				GCC_WARN_UNINITIALIZED_AUTOS = YES_AGGRESSIVE;
				GCC_WARN_UNUSED_FUNCTION = YES;
				GCC_WARN_UNUSED_VARIABLE = YES;
				MTL_ENABLE_DEBUG_INFO = NO;
				SDKROOT = appletvos;
				TARGETED_DEVICE_FAMILY = 3;
				TVOS_DEPLOYMENT_TARGET = 9.1;
				VALIDATE_PRODUCT = YES;
			};
			name = Release;
		};
		46CDFB3A1C30A7180001A004 /* Debug */ = {
			isa = XCBuildConfiguration;
			buildSettings = {
				ASSETCATALOG_COMPILER_APPICON_NAME = "App Icon & Top Shelf Image";
				ASSETCATALOG_COMPILER_LAUNCHIMAGE_NAME = LaunchImage;
				INFOPLIST_FILE = KexpTVStream/Info.plist;
				LD_RUNPATH_SEARCH_PATHS = "$(inherited) @executable_path/Frameworks";
				PRODUCT_BUNDLE_IDENTIFIER = com.dus.KexpTVStream;
				PRODUCT_NAME = "$(TARGET_NAME)";
			};
			name = Debug;
		};
		46CDFB3B1C30A7180001A004 /* Release */ = {
			isa = XCBuildConfiguration;
			buildSettings = {
				ASSETCATALOG_COMPILER_APPICON_NAME = "App Icon & Top Shelf Image";
				ASSETCATALOG_COMPILER_LAUNCHIMAGE_NAME = LaunchImage;
				INFOPLIST_FILE = KexpTVStream/Info.plist;
				LD_RUNPATH_SEARCH_PATHS = "$(inherited) @executable_path/Frameworks";
				PRODUCT_BUNDLE_IDENTIFIER = com.dus.KexpTVStream;
				PRODUCT_NAME = "$(TARGET_NAME)";
			};
			name = Release;
		};
		46CDFB3D1C30A7180001A004 /* Debug */ = {
			isa = XCBuildConfiguration;
			buildSettings = {
				BUNDLE_LOADER = "$(TEST_HOST)";
				INFOPLIST_FILE = KexpTVStreamTests/Info.plist;
				LD_RUNPATH_SEARCH_PATHS = "$(inherited) @executable_path/Frameworks @loader_path/Frameworks";
				PRODUCT_BUNDLE_IDENTIFIER = com.dus.KexpTVStreamTests;
				PRODUCT_NAME = "$(TARGET_NAME)";
				TEST_HOST = "$(BUILT_PRODUCTS_DIR)/KexpTVStream.app/KexpTVStream";
			};
			name = Debug;
		};
		46CDFB3E1C30A7180001A004 /* Release */ = {
			isa = XCBuildConfiguration;
			buildSettings = {
				BUNDLE_LOADER = "$(TEST_HOST)";
				INFOPLIST_FILE = KexpTVStreamTests/Info.plist;
				LD_RUNPATH_SEARCH_PATHS = "$(inherited) @executable_path/Frameworks @loader_path/Frameworks";
				PRODUCT_BUNDLE_IDENTIFIER = com.dus.KexpTVStreamTests;
				PRODUCT_NAME = "$(TARGET_NAME)";
				TEST_HOST = "$(BUILT_PRODUCTS_DIR)/KexpTVStream.app/KexpTVStream";
			};
			name = Release;
		};
/* End XCBuildConfiguration section */

/* Begin XCConfigurationList section */
		46CDFB171C30A7170001A004 /* Build configuration list for PBXProject "KexpTVStream" */ = {
			isa = XCConfigurationList;
			buildConfigurations = (
				46CDFB371C30A7180001A004 /* Debug */,
				46CDFB381C30A7180001A004 /* Release */,
			);
			defaultConfigurationIsVisible = 0;
			defaultConfigurationName = Release;
		};
		46CDFB391C30A7180001A004 /* Build configuration list for PBXNativeTarget "KexpTVStream" */ = {
			isa = XCConfigurationList;
			buildConfigurations = (
				46CDFB3A1C30A7180001A004 /* Debug */,
				46CDFB3B1C30A7180001A004 /* Release */,
			);
			defaultConfigurationIsVisible = 0;
		};
		46CDFB3C1C30A7180001A004 /* Build configuration list for PBXNativeTarget "KexpTVStreamTests" */ = {
			isa = XCConfigurationList;
			buildConfigurations = (
				46CDFB3D1C30A7180001A004 /* Debug */,
				46CDFB3E1C30A7180001A004 /* Release */,
			);
			defaultConfigurationIsVisible = 0;
		};
/* End XCConfigurationList section */

/* Begin XCVersionGroup section */
		46CDFB231C30A7170001A004 /* KexpTVStream.xcdatamodeld */ = {
			isa = XCVersionGroup;
			children = (
				46CDFB241C30A7170001A004 /* KexpTVStream.xcdatamodel */,
			);
			currentVersion = 46CDFB241C30A7170001A004 /* KexpTVStream.xcdatamodel */;
			path = KexpTVStream.xcdatamodeld;
			sourceTree = "<group>";
			versionGroupType = wrapper.xcdatamodel;
		};
/* End XCVersionGroup section */
	};
	rootObject = 46CDFB141C30A7170001A004 /* Project object */;
}
